
Microsoft Visual Studio Solution File, Format Version 12.00
# Visual Studio Version 17
VisualStudioVersion = 17.10.34916.146
MinimumVisualStudioVersion = 10.0.40219.1
Project("{9A19103F-16F7-4668-BE54-9A1E7A4F7556}") = "BlogUNAH.Api", "BlogUNAH.Api\BlogUNAH.Api.csproj", "{8A8BF79C-52DF-4C13-9C7D-CAC914F1C0F5}"
EndProject
Global
	GlobalSection(SolutionConfigurationPlatforms) = preSolution
		Debug|Any CPU = Debug|Any CPU
		Release|Any CPU = Release|Any CPU
	EndGlobalSection
	GlobalSection(ProjectConfigurationPlatforms) = postSolution
		{8A8BF79C-52DF-4C13-9C7D-CAC914F1C0F5}.Debug|Any CPU.ActiveCfg = Debug|Any CPU
		{8A8BF79C-52DF-4C13-9C7D-CAC914F1C0F5}.Debug|Any CPU.Build.0 = Debug|Any CPU
		{8A8BF79C-52DF-4C13-9C7D-CAC914F1C0F5}.Release|Any CPU.ActiveCfg = Release|Any CPU
		{8A8BF79C-52DF-4C13-9C7D-CAC914F1C0F5}.Release|Any CPU.Build.0 = Release|Any CPU
	EndGlobalSection
	GlobalSection(SolutionProperties) = preSolution
		HideSolutionNode = FALSE
	EndGlobalSection
	GlobalSection(ExtensibilityGlobals) = postSolution
		SolutionGuid = {0D1548E3-75C0-40B1-B484-C49A4C58DA5D}
	EndGlobalSection
EndGlobal
